
Microsoft Visual Studio Solution File, Format Version 12.00
# Visual Studio 15
VisualStudioVersion = 15.0.28307.168
MinimumVisualStudioVersion = 10.0.40219.1
Project("{FAE04EC0-301F-11D3-BF4B-00C04F79EFBC}") = "CSC200_Module_04_Part2", "CSC200_Module_04_Part2\CSC200_Module_04_Part2.csproj", "{9021AB9A-9543-4DAE-984E-DC6AA4E307B4}"
EndProject
Global
	GlobalSection(SolutionConfigurationPlatforms) = preSolution
		Debug|Any CPU = Debug|Any CPU
		Release|Any CPU = Release|Any CPU
	EndGlobalSection
	GlobalSection(ProjectConfigurationPlatforms) = postSolution
		{9021AB9A-9543-4DAE-984E-DC6AA4E307B4}.Debug|Any CPU.ActiveCfg = Debug|Any CPU
		{9021AB9A-9543-4DAE-984E-DC6AA4E307B4}.Debug|Any CPU.Build.0 = Debug|Any CPU
		{9021AB9A-9543-4DAE-984E-DC6AA4E307B4}.Release|Any CPU.ActiveCfg = Release|Any CPU
		{9021AB9A-9543-4DAE-984E-DC6AA4E307B4}.Release|Any CPU.Build.0 = Release|Any CPU
	EndGlobalSection
	GlobalSection(SolutionProperties) = preSolution
		HideSolutionNode = FALSE
	EndGlobalSection
	GlobalSection(ExtensibilityGlobals) = postSolution
		SolutionGuid = {00A1B646-91F7-453E-9475-E6DF1BBCB202}
	EndGlobalSection
EndGlobal
